
Microsoft Visual Studio Solution File, Format Version 12.00
# Visual Studio Version 17
VisualStudioVersion = 17.5.002.0
MinimumVisualStudioVersion = 10.0.40219.1
Project("{2150E333-8FDC-42A3-9474-1A3956D46DE8}") = "Day8", "Day8", "{3BA62B10-1622-4B39-819C-2B2F703C64DB}"
EndProject
Project("{9A19103F-16F7-4668-BE54-9A1E7A4F7556}") = "LogRegApp", "Day8\LogRegApp\LogRegApp.csproj", "{9A14F1AA-1D7B-4786-9540-1F57249EFCAF}"
EndProject
Global
	GlobalSection(SolutionConfigurationPlatforms) = preSolution
		Debug|Any CPU = Debug|Any CPU
		Release|Any CPU = Release|Any CPU
	EndGlobalSection
	GlobalSection(ProjectConfigurationPlatforms) = postSolution
		{9A14F1AA-1D7B-4786-9540-1F57249EFCAF}.Debug|Any CPU.ActiveCfg = Debug|Any CPU
		{9A14F1AA-1D7B-4786-9540-1F57249EFCAF}.Debug|Any CPU.Build.0 = Debug|Any CPU
		{9A14F1AA-1D7B-4786-9540-1F57249EFCAF}.Release|Any CPU.ActiveCfg = Release|Any CPU
		{9A14F1AA-1D7B-4786-9540-1F57249EFCAF}.Release|Any CPU.Build.0 = Release|Any CPU
	EndGlobalSection
	GlobalSection(SolutionProperties) = preSolution
		HideSolutionNode = FALSE
	EndGlobalSection
	GlobalSection(NestedProjects) = preSolution
		{9A14F1AA-1D7B-4786-9540-1F57249EFCAF} = {3BA62B10-1622-4B39-819C-2B2F703C64DB}
	EndGlobalSection
	GlobalSection(ExtensibilityGlobals) = postSolution
		SolutionGuid = {E8F990EA-7EB1-44AB-8284-91E745EACD45}
	EndGlobalSection
EndGlobal
